// !$*UTF8*$!
{
	archiveVersion = 1;
	classes = {
	};
	objectVersion = 50;
	objects = {

/* Begin PBXBuildFile section */
		066C7E9325B4220300F3DF5F /* CoreDataProjectApp.swift in Sources */ = {isa = PBXBuildFile; fileRef = 066C7E9225B4220300F3DF5F /* CoreDataProjectApp.swift */; };
		066C7E9525B4220300F3DF5F /* ContentView.swift in Sources */ = {isa = PBXBuildFile; fileRef = 066C7E9425B4220300F3DF5F /* ContentView.swift */; };
		066C7E9725B4220400F3DF5F /* Assets.xcassets in Resources */ = {isa = PBXBuildFile; fileRef = 066C7E9625B4220400F3DF5F /* Assets.xcassets */; };
		066C7E9A25B4220400F3DF5F /* Preview Assets.xcassets in Resources */ = {isa = PBXBuildFile; fileRef = 066C7E9925B4220400F3DF5F /* Preview Assets.xcassets */; };
		066C7E9C25B4220400F3DF5F /* Persistence.swift in Sources */ = {isa = PBXBuildFile; fileRef = 066C7E9B25B4220400F3DF5F /* Persistence.swift */; };
		066C7E9F25B4220400F3DF5F /* CoreDataProject.xcdatamodeld in Sources */ = {isa = PBXBuildFile; fileRef = 066C7E9D25B4220400F3DF5F /* CoreDataProject.xcdatamodeld */; };
		066C7EB125B7F1E400F3DF5F /* Singer+CoreDataClass.swift in Sources */ = {isa = PBXBuildFile; fileRef = 066C7EAF25B7F1E400F3DF5F /* Singer+CoreDataClass.swift */; };
		066C7EB225B7F1E400F3DF5F /* Singer+CoreDataProperties.swift in Sources */ = {isa = PBXBuildFile; fileRef = 066C7EB025B7F1E400F3DF5F /* Singer+CoreDataProperties.swift */; };
		066C7EB525B7F40B00F3DF5F /* FilteredList.swift in Sources */ = {isa = PBXBuildFile; fileRef = 066C7EB425B7F40B00F3DF5F /* FilteredList.swift */; };
/* End PBXBuildFile section */

/* Begin PBXFileReference section */
		066C7E8F25B4220300F3DF5F /* CoreDataProject.app */ = {isa = PBXFileReference; explicitFileType = wrapper.application; includeInIndex = 0; path = CoreDataProject.app; sourceTree = BUILT_PRODUCTS_DIR; };
		066C7E9225B4220300F3DF5F /* CoreDataProjectApp.swift */ = {isa = PBXFileReference; lastKnownFileType = sourcecode.swift; path = CoreDataProjectApp.swift; sourceTree = "<group>"; };
		066C7E9425B4220300F3DF5F /* ContentView.swift */ = {isa = PBXFileReference; lastKnownFileType = sourcecode.swift; path = ContentView.swift; sourceTree = "<group>"; };
		066C7E9625B4220400F3DF5F /* Assets.xcassets */ = {isa = PBXFileReference; lastKnownFileType = folder.assetcatalog; path = Assets.xcassets; sourceTree = "<group>"; };
		066C7E9925B4220400F3DF5F /* Preview Assets.xcassets */ = {isa = PBXFileReference; lastKnownFileType = folder.assetcatalog; path = "Preview Assets.xcassets"; sourceTree = "<group>"; };
		066C7E9B25B4220400F3DF5F /* Persistence.swift */ = {isa = PBXFileReference; lastKnownFileType = sourcecode.swift; path = Persistence.swift; sourceTree = "<group>"; };
		066C7E9E25B4220400F3DF5F /* CoreDataProject.xcdatamodel */ = {isa = PBXFileReference; lastKnownFileType = wrapper.xcdatamodel; path = CoreDataProject.xcdatamodel; sourceTree = "<group>"; };
		066C7EA025B4220400F3DF5F /* Info.plist */ = {isa = PBXFileReference; lastKnownFileType = text.plist.xml; path = Info.plist; sourceTree = "<group>"; };
		066C7EAF25B7F1E400F3DF5F /* Singer+CoreDataClass.swift */ = {isa = PBXFileReference; lastKnownFileType = sourcecode.swift; path = "Singer+CoreDataClass.swift"; sourceTree = "<group>"; };
		066C7EB025B7F1E400F3DF5F /* Singer+CoreDataProperties.swift */ = {isa = PBXFileReference; lastKnownFileType = sourcecode.swift; path = "Singer+CoreDataProperties.swift"; sourceTree = "<group>"; };
		066C7EB425B7F40B00F3DF5F /* FilteredList.swift */ = {isa = PBXFileReference; lastKnownFileType = sourcecode.swift; path = FilteredList.swift; sourceTree = "<group>"; };
/* End PBXFileReference section */

/* Begin PBXFrameworksBuildPhase section */
		066C7E8C25B4220300F3DF5F /* Frameworks */ = {
			isa = PBXFrameworksBuildPhase;
			buildActionMask = 2147483647;
			files = (
			);
			runOnlyForDeploymentPostprocessing = 0;
		};
/* End PBXFrameworksBuildPhase section */

/* Begin PBXGroup section */
		066C7E8625B4220300F3DF5F = {
			isa = PBXGroup;
			children = (
				066C7E9125B4220300F3DF5F /* CoreDataProject */,
				066C7E9025B4220300F3DF5F /* Products */,
			);
			sourceTree = "<group>";
		};
		066C7E9025B4220300F3DF5F /* Products */ = {
			isa = PBXGroup;
			children = (
				066C7E8F25B4220300F3DF5F /* CoreDataProject.app */,
			);
			name = Products;
			sourceTree = "<group>";
		};
		066C7E9125B4220300F3DF5F /* CoreDataProject */ = {
			isa = PBXGroup;
			children = (
				066C7EAF25B7F1E400F3DF5F /* Singer+CoreDataClass.swift */,
				066C7EB025B7F1E400F3DF5F /* Singer+CoreDataProperties.swift */,
				066C7E9225B4220300F3DF5F /* CoreDataProjectApp.swift */,
				066C7E9425B4220300F3DF5F /* ContentView.swift */,
				066C7EB425B7F40B00F3DF5F /* FilteredList.swift */,
				066C7E9625B4220400F3DF5F /* Assets.xcassets */,
				066C7E9B25B4220400F3DF5F /* Persistence.swift */,
				066C7EA025B4220400F3DF5F /* Info.plist */,
				066C7E9D25B4220400F3DF5F /* CoreDataProject.xcdatamodeld */,
				066C7E9825B4220400F3DF5F /* Preview Content */,
			);
			path = CoreDataProject;
			sourceTree = "<group>";
		};
		066C7E9825B4220400F3DF5F /* Preview Content */ = {
			isa = PBXGroup;
			children = (
				066C7E9925B4220400F3DF5F /* Preview Assets.xcassets */,
			);
			path = "Preview Content";
			sourceTree = "<group>";
		};
/* End PBXGroup section */

/* Begin PBXNativeTarget section */
		066C7E8E25B4220300F3DF5F /* CoreDataProject */ = {
			isa = PBXNativeTarget;
			buildConfigurationList = 066C7EA325B4220400F3DF5F /* Build configuration list for PBXNativeTarget "CoreDataProject" */;
			buildPhases = (
				066C7E8B25B4220300F3DF5F /* Sources */,
				066C7E8C25B4220300F3DF5F /* Frameworks */,
				066C7E8D25B4220300F3DF5F /* Resources */,
			);
			buildRules = (
			);
			dependencies = (
			);
			name = CoreDataProject;
			productName = CoreDataProject;
			productReference = 066C7E8F25B4220300F3DF5F /* CoreDataProject.app */;
			productType = "com.apple.product-type.application";
		};
/* End PBXNativeTarget section */

/* Begin PBXProject section */
		066C7E8725B4220300F3DF5F /* Project object */ = {
			isa = PBXProject;
			attributes = {
				LastSwiftUpdateCheck = 1230;
				LastUpgradeCheck = 1230;
				TargetAttributes = {
					066C7E8E25B4220300F3DF5F = {
						CreatedOnToolsVersion = 12.3;
					};
				};
			};
			buildConfigurationList = 066C7E8A25B4220300F3DF5F /* Build configuration list for PBXProject "CoreDataProject" */;
			compatibilityVersion = "Xcode 9.3";
			developmentRegion = en;
			hasScannedForEncodings = 0;
			knownRegions = (
				en,
				Base,
			);
			mainGroup = 066C7E8625B4220300F3DF5F;
			productRefGroup = 066C7E9025B4220300F3DF5F /* Products */;
			projectDirPath = "";
			projectRoot = "";
			targets = (
				066C7E8E25B4220300F3DF5F /* CoreDataProject */,
			);
		};
/* End PBXProject section */

/* Begin PBXResourcesBuildPhase section */
		066C7E8D25B4220300F3DF5F /* Resources */ = {
			isa = PBXResourcesBuildPhase;
			buildActionMask = 2147483647;
			files = (
				066C7E9A25B4220400F3DF5F /* Preview Assets.xcassets in Resources */,
				066C7E9725B4220400F3DF5F /* Assets.xcassets in Resources */,
			);
			runOnlyForDeploymentPostprocessing = 0;
		};
/* End PBXResourcesBuildPhase section */

/* Begin PBXSourcesBuildPhase section */
		066C7E8B25B4220300F3DF5F /* Sources */ = {
			isa = PBXSourcesBuildPhase;
			buildActionMask = 2147483647;
			files = (
				066C7E9C25B4220400F3DF5F /* Persistence.swift in Sources */,
				066C7EB225B7F1E400F3DF5F /* Singer+CoreDataProperties.swift in Sources */,
				066C7E9525B4220300F3DF5F /* ContentView.swift in Sources */,
				066C7EB125B7F1E400F3DF5F /* Singer+CoreDataClass.swift in Sources */,
				066C7E9F25B4220400F3DF5F /* CoreDataProject.xcdatamodeld in Sources */,
				066C7E9325B4220300F3DF5F /* CoreDataProjectApp.swift in Sources */,
				066C7EB525B7F40B00F3DF5F /* FilteredList.swift in Sources */,
			);
			runOnlyForDeploymentPostprocessing = 0;
		};
/* End PBXSourcesBuildPhase section */

/* Begin XCBuildConfiguration section */
		066C7EA125B4220400F3DF5F /* Debug */ = {
			isa = XCBuildConfiguration;
			buildSettings = {
				ALWAYS_SEARCH_USER_PATHS = NO;
				CLANG_ANALYZER_NONNULL = YES;
				CLANG_ANALYZER_NUMBER_OBJECT_CONVERSION = YES_AGGRESSIVE;
				CLANG_CXX_LANGUAGE_STANDARD = "gnu++14";
				CLANG_CXX_LIBRARY = "libc++";
				CLANG_ENABLE_MODULES = YES;
				CLANG_ENABLE_OBJC_ARC = YES;
				CLANG_ENABLE_OBJC_WEAK = YES;
				CLANG_WARN_BLOCK_CAPTURE_AUTORELEASING = YES;
				CLANG_WARN_BOOL_CONVERSION = YES;
				CLANG_WARN_COMMA = YES;
				CLANG_WARN_CONSTANT_CONVERSION = YES;
				CLANG_WARN_DEPRECATED_OBJC_IMPLEMENTATIONS = YES;
				CLANG_WARN_DIRECT_OBJC_ISA_USAGE = YES_ERROR;
				CLANG_WARN_DOCUMENTATION_COMMENTS = YES;
				CLANG_WARN_EMPTY_BODY = YES;
				CLANG_WARN_ENUM_CONVERSION = YES;
				CLANG_WARN_INFINITE_RECURSION = YES;
				CLANG_WARN_INT_CONVERSION = YES;
				CLANG_WARN_NON_LITERAL_NULL_CONVERSION = YES;
				CLANG_WARN_OBJC_IMPLICIT_RETAIN_SELF = YES;
				CLANG_WARN_OBJC_LITERAL_CONVERSION = YES;
				CLANG_WARN_OBJC_ROOT_CLASS = YES_ERROR;
				CLANG_WARN_QUOTED_INCLUDE_IN_FRAMEWORK_HEADER = YES;
				CLANG_WARN_RANGE_LOOP_ANALYSIS = YES;
				CLANG_WARN_STRICT_PROTOTYPES = YES;
				CLANG_WARN_SUSPICIOUS_MOVE = YES;
				CLANG_WARN_UNGUARDED_AVAILABILITY = YES_AGGRESSIVE;
				CLANG_WARN_UNREACHABLE_CODE = YES;
				CLANG_WARN__DUPLICATE_METHOD_MATCH = YES;
				COPY_PHASE_STRIP = NO;
				DEBUG_INFORMATION_FORMAT = dwarf;
				ENABLE_STRICT_OBJC_MSGSEND = YES;
				ENABLE_TESTABILITY = YES;
				GCC_C_LANGUAGE_STANDARD = gnu11;
				GCC_DYNAMIC_NO_PIC = NO;
				GCC_NO_COMMON_BLOCKS = YES;
				GCC_OPTIMIZATION_LEVEL = 0;
				GCC_PREPROCESSOR_DEFINITIONS = (
					"DEBUG=1",
					"$(inherited)",
				);
				GCC_WARN_64_TO_32_BIT_CONVERSION = YES;
				GCC_WARN_ABOUT_RETURN_TYPE = YES_ERROR;
				GCC_WARN_UNDECLARED_SELECTOR = YES;
				GCC_WARN_UNINITIALIZED_AUTOS = YES_AGGRESSIVE;
				GCC_WARN_UNUSED_FUNCTION = YES;
				GCC_WARN_UNUSED_VARIABLE = YES;
				IPHONEOS_DEPLOYMENT_TARGET = 14.3;
				MTL_ENABLE_DEBUG_INFO = INCLUDE_SOURCE;
				MTL_FAST_MATH = YES;
				ONLY_ACTIVE_ARCH = YES;
				SDKROOT = iphoneos;
				SWIFT_ACTIVE_COMPILATION_CONDITIONS = DEBUG;
				SWIFT_OPTIMIZATION_LEVEL = "-Onone";
			};
			name = Debug;
		};
		066C7EA225B4220400F3DF5F /* Release */ = {
			isa = XCBuildConfiguration;
			buildSettings = {
				ALWAYS_SEARCH_USER_PATHS = NO;
				CLANG_ANALYZER_NONNULL = YES;
				CLANG_ANALYZER_NUMBER_OBJECT_CONVERSION = YES_AGGRESSIVE;
				CLANG_CXX_LANGUAGE_STANDARD = "gnu++14";
				CLANG_CXX_LIBRARY = "libc++";
				CLANG_ENABLE_MODULES = YES;
				CLANG_ENABLE_OBJC_ARC = YES;
				CLANG_ENABLE_OBJC_WEAK = YES;
				CLANG_WARN_BLOCK_CAPTURE_AUTORELEASING = YES;
				CLANG_WARN_BOOL_CONVERSION = YES;
				CLANG_WARN_COMMA = YES;
				CLANG_WARN_CONSTANT_CONVERSION = YES;
				CLANG_WARN_DEPRECATED_OBJC_IMPLEMENTATIONS = YES;
				CLANG_WARN_DIRECT_OBJC_ISA_USAGE = YES_ERROR;
				CLANG_WARN_DOCUMENTATION_COMMENTS = YES;
				CLANG_WARN_EMPTY_BODY = YES;
				CLANG_WARN_ENUM_CONVERSION = YES;
				CLANG_WARN_INFINITE_RECURSION = YES;
				CLANG_WARN_INT_CONVERSION = YES;
				CLANG_WARN_NON_LITERAL_NULL_CONVERSION = YES;
				CLANG_WARN_OBJC_IMPLICIT_RETAIN_SELF = YES;
				CLANG_WARN_OBJC_LITERAL_CONVERSION = YES;
				CLANG_WARN_OBJC_ROOT_CLASS = YES_ERROR;
				CLANG_WARN_QUOTED_INCLUDE_IN_FRAMEWORK_HEADER = YES;
				CLANG_WARN_RANGE_LOOP_ANALYSIS = YES;
				CLANG_WARN_STRICT_PROTOTYPES = YES;
				CLANG_WARN_SUSPICIOUS_MOVE = YES;
				CLANG_WARN_UNGUARDED_AVAILABILITY = YES_AGGRESSIVE;
				CLANG_WARN_UNREACHABLE_CODE = YES;
				CLANG_WARN__DUPLICATE_METHOD_MATCH = YES;
				COPY_PHASE_STRIP = NO;
				DEBUG_INFORMATION_FORMAT = "dwarf-with-dsym";
				ENABLE_NS_ASSERTIONS = NO;
				ENABLE_STRICT_OBJC_MSGSEND = YES;
				GCC_C_LANGUAGE_STANDARD = gnu11;
				GCC_NO_COMMON_BLOCKS = YES;
				GCC_WARN_64_TO_32_BIT_CONVERSION = YES;
				GCC_WARN_ABOUT_RETURN_TYPE = YES_ERROR;
				GCC_WARN_UNDECLARED_SELECTOR = YES;
				GCC_WARN_UNINITIALIZED_AUTOS = YES_AGGRESSIVE;
				GCC_WARN_UNUSED_FUNCTION = YES;
				GCC_WARN_UNUSED_VARIABLE = YES;
				IPHONEOS_DEPLOYMENT_TARGET = 14.3;
				MTL_ENABLE_DEBUG_INFO = NO;
				MTL_FAST_MATH = YES;
				SDKROOT = iphoneos;
				SWIFT_COMPILATION_MODE = wholemodule;
				SWIFT_OPTIMIZATION_LEVEL = "-O";
				VALIDATE_PRODUCT = YES;
			};
			name = Release;
		};
		066C7EA425B4220400F3DF5F /* Debug */ = {
			isa = XCBuildConfiguration;
			buildSettings = {
				ASSETCATALOG_COMPILER_APPICON_NAME = AppIcon;
				ASSETCATALOG_COMPILER_GLOBAL_ACCENT_COLOR_NAME = AccentColor;
				CODE_SIGN_STYLE = Automatic;
				DEVELOPMENT_ASSET_PATHS = "\"CoreDataProject/Preview Content\"";
				DEVELOPMENT_TEAM = P2NYVLQ9PR;
				ENABLE_PREVIEWS = YES;
				INFOPLIST_FILE = CoreDataProject/Info.plist;
				IPHONEOS_DEPLOYMENT_TARGET = 14.0;
				LD_RUNPATH_SEARCH_PATHS = (
					"$(inherited)",
					"@executable_path/Frameworks",
				);
				PRODUCT_BUNDLE_IDENTIFIER = Matthew.CoreDataProject;
				PRODUCT_NAME = "$(TARGET_NAME)";
				SWIFT_VERSION = 5.0;
				TARGETED_DEVICE_FAMILY = "1,2";
			};
			name = Debug;
		};
		066C7EA525B4220400F3DF5F /* Release */ = {
			isa = XCBuildConfiguration;
			buildSettings = {
				ASSETCATALOG_COMPILER_APPICON_NAME = AppIcon;
				ASSETCATALOG_COMPILER_GLOBAL_ACCENT_COLOR_NAME = AccentColor;
				CODE_SIGN_STYLE = Automatic;
				DEVELOPMENT_ASSET_PATHS = "\"CoreDataProject/Preview Content\"";
				DEVELOPMENT_TEAM = P2NYVLQ9PR;
				ENABLE_PREVIEWS = YES;
				INFOPLIST_FILE = CoreDataProject/Info.plist;
				IPHONEOS_DEPLOYMENT_TARGET = 14.0;
				LD_RUNPATH_SEARCH_PATHS = (
					"$(inherited)",
					"@executable_path/Frameworks",
				);
				PRODUCT_BUNDLE_IDENTIFIER = Matthew.CoreDataProject;
				PRODUCT_NAME = "$(TARGET_NAME)";
				SWIFT_VERSION = 5.0;
				TARGETED_DEVICE_FAMILY = "1,2";
			};
			name = Release;
		};
/* End XCBuildConfiguration section */

/* Begin XCConfigurationList section */
		066C7E8A25B4220300F3DF5F /* Build configuration list for PBXProject "CoreDataProject" */ = {
			isa = XCConfigurationList;
			buildConfigurations = (
				066C7EA125B4220400F3DF5F /* Debug */,
				066C7EA225B4220400F3DF5F /* Release */,
			);
			defaultConfigurationIsVisible = 0;
			defaultConfigurationName = Release;
		};
		066C7EA325B4220400F3DF5F /* Build configuration list for PBXNativeTarget "CoreDataProject" */ = {
			isa = XCConfigurationList;
			buildConfigurations = (
				066C7EA425B4220400F3DF5F /* Debug */,
				066C7EA525B4220400F3DF5F /* Release */,
			);
			defaultConfigurationIsVisible = 0;
			defaultConfigurationName = Release;
		};
/* End XCConfigurationList section */

/* Begin XCVersionGroup section */
		066C7E9D25B4220400F3DF5F /* CoreDataProject.xcdatamodeld */ = {
			isa = XCVersionGroup;
			children = (
				066C7E9E25B4220400F3DF5F /* CoreDataProject.xcdatamodel */,
			);
			currentVersion = 066C7E9E25B4220400F3DF5F /* CoreDataProject.xcdatamodel */;
			path = CoreDataProject.xcdatamodeld;
			sourceTree = "<group>";
			versionGroupType = wrapper.xcdatamodel;
		};
/* End XCVersionGroup section */
	};
	rootObject = 066C7E8725B4220300F3DF5F /* Project object */;
}
